
Microsoft Visual Studio Solution File, Format Version 12.00
# Visual Studio 15
VisualStudioVersion = 15.0.28307.960
MinimumVisualStudioVersion = 10.0.40219.1
Project("{9A19103F-16F7-4668-BE54-9A1E7A4F7556}") = "GOFDesignPatterns", "GOFDesignPatterns\GOFDesignPatterns.csproj", "{9CAB65E6-857F-41B7-981C-637961ADAD5A}"
EndProject
Project("{9A19103F-16F7-4668-BE54-9A1E7A4F7556}") = "AbstractFactory", "AbstractFactory\AbstractFactory.csproj", "{FE620E2A-A249-4FFB-87C5-E90500FE0CD3}"
EndProject
Project("{9A19103F-16F7-4668-BE54-9A1E7A4F7556}") = "Builder", "Builder\Builder.csproj", "{B077D67E-B758-41D4-B129-2369A5EA7B60}"
EndProject
Project("{9A19103F-16F7-4668-BE54-9A1E7A4F7556}") = "FactoryMethod", "FactoryMethod\FactoryMethod.csproj", "{A72649F4-AF3B-4E0C-BEC8-54165F0FDC9A}"
EndProject
Project("{9A19103F-16F7-4668-BE54-9A1E7A4F7556}") = "Prototype", "Prototype\Prototype.csproj", "{7F025CA5-7771-442F-9D0B-597C6CD1072E}"
EndProject
Project("{9A19103F-16F7-4668-BE54-9A1E7A4F7556}") = "Singleton", "Singleton\Singleton.csproj", "{FA53459E-87D6-4AED-A3C6-64B48CBDA64A}"
EndProject
Project("{9A19103F-16F7-4668-BE54-9A1E7A4F7556}") = "Adapter", "Adapter\Adapter.csproj", "{6CBB4758-AF25-4AC6-88C3-75A04FF8E5DE}"
EndProject
Project("{9A19103F-16F7-4668-BE54-9A1E7A4F7556}") = "Bridge", "Bridge\Bridge.csproj", "{C0114082-30EE-4E4C-8898-7C2216ADFE16}"
EndProject
Project("{9A19103F-16F7-4668-BE54-9A1E7A4F7556}") = "Composite", "Composite\Composite.csproj", "{B15ECE59-ABC6-4FAC-8511-625DE6BDFB97}"
EndProject
Project("{9A19103F-16F7-4668-BE54-9A1E7A4F7556}") = "Decorator", "Decorator\Decorator.csproj", "{172B02F6-53B9-44BB-B018-8D49FC1C2B88}"
EndProject
Project("{9A19103F-16F7-4668-BE54-9A1E7A4F7556}") = "Facade", "Facade\Facade.csproj", "{A6B2821F-042A-4FC3-847C-DA492BEB7BA1}"
EndProject
Project("{9A19103F-16F7-4668-BE54-9A1E7A4F7556}") = "FlyWeight", "FlyWeight\FlyWeight.csproj", "{97E0C0A1-7481-4A35-B7E7-347C1BC260C4}"
EndProject
Project("{9A19103F-16F7-4668-BE54-9A1E7A4F7556}") = "Proxy", "Proxy\Proxy.csproj", "{D8DD0F43-0D78-4283-BD35-9164FCD8E072}"
EndProject
Project("{9A19103F-16F7-4668-BE54-9A1E7A4F7556}") = "ChainOfResponsibility", "ChainOfResponsibility\ChainOfResponsibility.csproj", "{B13E5DDF-1EA1-45BF-99B1-15DA75197FC0}"
EndProject
Project("{9A19103F-16F7-4668-BE54-9A1E7A4F7556}") = "Command", "Command\Command.csproj", "{BD0D2C79-EE3A-47A3-A886-D1193BC5A3C2}"
EndProject
Project("{9A19103F-16F7-4668-BE54-9A1E7A4F7556}") = "Interpreter", "Interpreter\Interpreter.csproj", "{165D7DD7-ACF2-4724-BCF2-261E41475B82}"
EndProject
Project("{9A19103F-16F7-4668-BE54-9A1E7A4F7556}") = "Interator", "Interator\Interator.csproj", "{F65F94AA-3B93-442C-88FA-14DA2C2AEB7B}"
EndProject
Project("{9A19103F-16F7-4668-BE54-9A1E7A4F7556}") = "Mediator", "Mediator\Mediator.csproj", "{47304193-29D4-4549-B113-9937194A99B2}"
EndProject
Project("{FAE04EC0-301F-11D3-BF4B-00C04F79EFBC}") = "Memento", "Memento\Memento.csproj", "{41B83AE6-42A7-44BD-84F0-6EB448543C38}"
EndProject
Global
	GlobalSection(SolutionConfigurationPlatforms) = preSolution
		Debug|Any CPU = Debug|Any CPU
		Release|Any CPU = Release|Any CPU
	EndGlobalSection
	GlobalSection(ProjectConfigurationPlatforms) = postSolution
		{9CAB65E6-857F-41B7-981C-637961ADAD5A}.Debug|Any CPU.ActiveCfg = Debug|Any CPU
		{9CAB65E6-857F-41B7-981C-637961ADAD5A}.Debug|Any CPU.Build.0 = Debug|Any CPU
		{9CAB65E6-857F-41B7-981C-637961ADAD5A}.Release|Any CPU.ActiveCfg = Release|Any CPU
		{9CAB65E6-857F-41B7-981C-637961ADAD5A}.Release|Any CPU.Build.0 = Release|Any CPU
		{FE620E2A-A249-4FFB-87C5-E90500FE0CD3}.Debug|Any CPU.ActiveCfg = Debug|Any CPU
		{FE620E2A-A249-4FFB-87C5-E90500FE0CD3}.Debug|Any CPU.Build.0 = Debug|Any CPU
		{FE620E2A-A249-4FFB-87C5-E90500FE0CD3}.Release|Any CPU.ActiveCfg = Release|Any CPU
		{FE620E2A-A249-4FFB-87C5-E90500FE0CD3}.Release|Any CPU.Build.0 = Release|Any CPU
		{B077D67E-B758-41D4-B129-2369A5EA7B60}.Debug|Any CPU.ActiveCfg = Debug|Any CPU
		{B077D67E-B758-41D4-B129-2369A5EA7B60}.Debug|Any CPU.Build.0 = Debug|Any CPU
		{B077D67E-B758-41D4-B129-2369A5EA7B60}.Release|Any CPU.ActiveCfg = Release|Any CPU
		{B077D67E-B758-41D4-B129-2369A5EA7B60}.Release|Any CPU.Build.0 = Release|Any CPU
		{A72649F4-AF3B-4E0C-BEC8-54165F0FDC9A}.Debug|Any CPU.ActiveCfg = Debug|Any CPU
		{A72649F4-AF3B-4E0C-BEC8-54165F0FDC9A}.Debug|Any CPU.Build.0 = Debug|Any CPU
		{A72649F4-AF3B-4E0C-BEC8-54165F0FDC9A}.Release|Any CPU.ActiveCfg = Release|Any CPU
		{A72649F4-AF3B-4E0C-BEC8-54165F0FDC9A}.Release|Any CPU.Build.0 = Release|Any CPU
		{7F025CA5-7771-442F-9D0B-597C6CD1072E}.Debug|Any CPU.ActiveCfg = Debug|Any CPU
		{7F025CA5-7771-442F-9D0B-597C6CD1072E}.Debug|Any CPU.Build.0 = Debug|Any CPU
		{7F025CA5-7771-442F-9D0B-597C6CD1072E}.Release|Any CPU.ActiveCfg = Release|Any CPU
		{7F025CA5-7771-442F-9D0B-597C6CD1072E}.Release|Any CPU.Build.0 = Release|Any CPU
		{FA53459E-87D6-4AED-A3C6-64B48CBDA64A}.Debug|Any CPU.ActiveCfg = Debug|Any CPU
		{FA53459E-87D6-4AED-A3C6-64B48CBDA64A}.Debug|Any CPU.Build.0 = Debug|Any CPU
		{FA53459E-87D6-4AED-A3C6-64B48CBDA64A}.Release|Any CPU.ActiveCfg = Release|Any CPU
		{FA53459E-87D6-4AED-A3C6-64B48CBDA64A}.Release|Any CPU.Build.0 = Release|Any CPU
		{6CBB4758-AF25-4AC6-88C3-75A04FF8E5DE}.Debug|Any CPU.ActiveCfg = Debug|Any CPU
		{6CBB4758-AF25-4AC6-88C3-75A04FF8E5DE}.Debug|Any CPU.Build.0 = Debug|Any CPU
		{6CBB4758-AF25-4AC6-88C3-75A04FF8E5DE}.Release|Any CPU.ActiveCfg = Release|Any CPU
		{6CBB4758-AF25-4AC6-88C3-75A04FF8E5DE}.Release|Any CPU.Build.0 = Release|Any CPU
		{C0114082-30EE-4E4C-8898-7C2216ADFE16}.Debug|Any CPU.ActiveCfg = Debug|Any CPU
		{C0114082-30EE-4E4C-8898-7C2216ADFE16}.Debug|Any CPU.Build.0 = Debug|Any CPU
		{C0114082-30EE-4E4C-8898-7C2216ADFE16}.Release|Any CPU.ActiveCfg = Release|Any CPU
		{C0114082-30EE-4E4C-8898-7C2216ADFE16}.Release|Any CPU.Build.0 = Release|Any CPU
		{B15ECE59-ABC6-4FAC-8511-625DE6BDFB97}.Debug|Any CPU.ActiveCfg = Debug|Any CPU
		{B15ECE59-ABC6-4FAC-8511-625DE6BDFB97}.Debug|Any CPU.Build.0 = Debug|Any CPU
		{B15ECE59-ABC6-4FAC-8511-625DE6BDFB97}.Release|Any CPU.ActiveCfg = Release|Any CPU
		{B15ECE59-ABC6-4FAC-8511-625DE6BDFB97}.Release|Any CPU.Build.0 = Release|Any CPU
		{172B02F6-53B9-44BB-B018-8D49FC1C2B88}.Debug|Any CPU.ActiveCfg = Debug|Any CPU
		{172B02F6-53B9-44BB-B018-8D49FC1C2B88}.Debug|Any CPU.Build.0 = Debug|Any CPU
		{172B02F6-53B9-44BB-B018-8D49FC1C2B88}.Release|Any CPU.ActiveCfg = Release|Any CPU
		{172B02F6-53B9-44BB-B018-8D49FC1C2B88}.Release|Any CPU.Build.0 = Release|Any CPU
		{A6B2821F-042A-4FC3-847C-DA492BEB7BA1}.Debug|Any CPU.ActiveCfg = Debug|Any CPU
		{A6B2821F-042A-4FC3-847C-DA492BEB7BA1}.Debug|Any CPU.Build.0 = Debug|Any CPU
		{A6B2821F-042A-4FC3-847C-DA492BEB7BA1}.Release|Any CPU.ActiveCfg = Release|Any CPU
		{A6B2821F-042A-4FC3-847C-DA492BEB7BA1}.Release|Any CPU.Build.0 = Release|Any CPU
		{97E0C0A1-7481-4A35-B7E7-347C1BC260C4}.Debug|Any CPU.ActiveCfg = Debug|Any CPU
		{97E0C0A1-7481-4A35-B7E7-347C1BC260C4}.Debug|Any CPU.Build.0 = Debug|Any CPU
		{97E0C0A1-7481-4A35-B7E7-347C1BC260C4}.Release|Any CPU.ActiveCfg = Release|Any CPU
		{97E0C0A1-7481-4A35-B7E7-347C1BC260C4}.Release|Any CPU.Build.0 = Release|Any CPU
		{D8DD0F43-0D78-4283-BD35-9164FCD8E072}.Debug|Any CPU.ActiveCfg = Debug|Any CPU
		{D8DD0F43-0D78-4283-BD35-9164FCD8E072}.Debug|Any CPU.Build.0 = Debug|Any CPU
		{D8DD0F43-0D78-4283-BD35-9164FCD8E072}.Release|Any CPU.ActiveCfg = Release|Any CPU
		{D8DD0F43-0D78-4283-BD35-9164FCD8E072}.Release|Any CPU.Build.0 = Release|Any CPU
		{B13E5DDF-1EA1-45BF-99B1-15DA75197FC0}.Debug|Any CPU.ActiveCfg = Debug|Any CPU
		{B13E5DDF-1EA1-45BF-99B1-15DA75197FC0}.Debug|Any CPU.Build.0 = Debug|Any CPU
		{B13E5DDF-1EA1-45BF-99B1-15DA75197FC0}.Release|Any CPU.ActiveCfg = Release|Any CPU
		{B13E5DDF-1EA1-45BF-99B1-15DA75197FC0}.Release|Any CPU.Build.0 = Release|Any CPU
		{BD0D2C79-EE3A-47A3-A886-D1193BC5A3C2}.Debug|Any CPU.ActiveCfg = Debug|Any CPU
		{BD0D2C79-EE3A-47A3-A886-D1193BC5A3C2}.Debug|Any CPU.Build.0 = Debug|Any CPU
		{BD0D2C79-EE3A-47A3-A886-D1193BC5A3C2}.Release|Any CPU.ActiveCfg = Release|Any CPU
		{BD0D2C79-EE3A-47A3-A886-D1193BC5A3C2}.Release|Any CPU.Build.0 = Release|Any CPU
		{165D7DD7-ACF2-4724-BCF2-261E41475B82}.Debug|Any CPU.ActiveCfg = Debug|Any CPU
		{165D7DD7-ACF2-4724-BCF2-261E41475B82}.Debug|Any CPU.Build.0 = Debug|Any CPU
		{165D7DD7-ACF2-4724-BCF2-261E41475B82}.Release|Any CPU.ActiveCfg = Release|Any CPU
		{165D7DD7-ACF2-4724-BCF2-261E41475B82}.Release|Any CPU.Build.0 = Release|Any CPU
		{F65F94AA-3B93-442C-88FA-14DA2C2AEB7B}.Debug|Any CPU.ActiveCfg = Debug|Any CPU
		{F65F94AA-3B93-442C-88FA-14DA2C2AEB7B}.Debug|Any CPU.Build.0 = Debug|Any CPU
		{F65F94AA-3B93-442C-88FA-14DA2C2AEB7B}.Release|Any CPU.ActiveCfg = Release|Any CPU
		{F65F94AA-3B93-442C-88FA-14DA2C2AEB7B}.Release|Any CPU.Build.0 = Release|Any CPU
		{47304193-29D4-4549-B113-9937194A99B2}.Debug|Any CPU.ActiveCfg = Debug|Any CPU
		{47304193-29D4-4549-B113-9937194A99B2}.Debug|Any CPU.Build.0 = Debug|Any CPU
		{47304193-29D4-4549-B113-9937194A99B2}.Release|Any CPU.ActiveCfg = Release|Any CPU
		{47304193-29D4-4549-B113-9937194A99B2}.Release|Any CPU.Build.0 = Release|Any CPU
		{41B83AE6-42A7-44BD-84F0-6EB448543C38}.Debug|Any CPU.ActiveCfg = Debug|Any CPU
		{41B83AE6-42A7-44BD-84F0-6EB448543C38}.Debug|Any CPU.Build.0 = Debug|Any CPU
		{41B83AE6-42A7-44BD-84F0-6EB448543C38}.Release|Any CPU.ActiveCfg = Release|Any CPU
		{41B83AE6-42A7-44BD-84F0-6EB448543C38}.Release|Any CPU.Build.0 = Release|Any CPU
	EndGlobalSection
	GlobalSection(SolutionProperties) = preSolution
		HideSolutionNode = FALSE
	EndGlobalSection
	GlobalSection(ExtensibilityGlobals) = postSolution
		SolutionGuid = {704255E1-7D4D-4F30-BA0B-5CAF1F6F1959}
	EndGlobalSection
EndGlobal
