
Microsoft Visual Studio Solution File, Format Version 12.00
# Visual Studio Version 16
VisualStudioVersion = 16.0.30907.101
MinimumVisualStudioVersion = 10.0.40219.1
Project("{FAE04EC0-301F-11D3-BF4B-00C04F79EFBC}") = "DatingApp.API", "DatingApp\DatingApp.API.csproj", "{B02F16CC-81A7-43DE-8DC4-1020DD00D816}"
EndProject
Project("{FAE04EC0-301F-11D3-BF4B-00C04F79EFBC}") = "DBWrapper", "DBWrapper\DBWrapper.csproj", "{0F8AC9BC-7CCC-4FF8-A6FE-ABBE1C40B6AF}"
EndProject
Global
	GlobalSection(SolutionConfigurationPlatforms) = preSolution
		Debug|Any CPU = Debug|Any CPU
		Release|Any CPU = Release|Any CPU
	EndGlobalSection
	GlobalSection(ProjectConfigurationPlatforms) = postSolution
		{B02F16CC-81A7-43DE-8DC4-1020DD00D816}.Debug|Any CPU.ActiveCfg = Debug|Any CPU
		{B02F16CC-81A7-43DE-8DC4-1020DD00D816}.Debug|Any CPU.Build.0 = Debug|Any CPU
		{B02F16CC-81A7-43DE-8DC4-1020DD00D816}.Release|Any CPU.ActiveCfg = Release|Any CPU
		{B02F16CC-81A7-43DE-8DC4-1020DD00D816}.Release|Any CPU.Build.0 = Release|Any CPU
		{0F8AC9BC-7CCC-4FF8-A6FE-ABBE1C40B6AF}.Debug|Any CPU.ActiveCfg = Debug|Any CPU
		{0F8AC9BC-7CCC-4FF8-A6FE-ABBE1C40B6AF}.Debug|Any CPU.Build.0 = Debug|Any CPU
		{0F8AC9BC-7CCC-4FF8-A6FE-ABBE1C40B6AF}.Release|Any CPU.ActiveCfg = Release|Any CPU
		{0F8AC9BC-7CCC-4FF8-A6FE-ABBE1C40B6AF}.Release|Any CPU.Build.0 = Release|Any CPU
	EndGlobalSection
	GlobalSection(SolutionProperties) = preSolution
		HideSolutionNode = FALSE
	EndGlobalSection
	GlobalSection(ExtensibilityGlobals) = postSolution
		SolutionGuid = {8277C3A9-ECF3-4E17-916A-842C19FD1DDB}
	EndGlobalSection
EndGlobal
