{
  "requires": true,
  "lockfileVersion": 1,
  "dependencies": {
    "ngx-spinner": {
      "version": "10.0.1",
      "resolved": "https://registry.npmjs.org/ngx-spinner/-/ngx-spinner-10.0.1.tgz",
      "integrity": "sha512-3fkzS4t+oKg1jobUmWxeGD3zLymdIOMijib517tgrDnW4Q2fKKwZPVCfTR5ztm9G0/l9G/DRoOoBcHPPupUBdg==",
      "requires": {
        "tslib": "^2.0.0"
      }
    },
    "tslib": {
      "version": "2.1.0",
      "resolved": "https://registry.npmjs.org/tslib/-/tslib-2.1.0.tgz",
      "integrity": "sha512-hcVC3wYEziELGGmEEXue7D75zbwIIVUMWAVbHItGPx0ziyXxrOMQx4rQEVEV45Ut/1IotuEvwqPopzIOkDMf0A=="
    }
  }
}
